
Microsoft Visual Studio Solution File, Format Version 12.00
# Visual Studio Version 16
VisualStudioVersion = 16.0.31829.152
MinimumVisualStudioVersion = 10.0.40219.1
Project("{FAE04EC0-301F-11D3-BF4B-00C04F79EFBC}") = "Estamparia.Infra", "Estamparia.Domain\Estamparia.Infra.csproj", "{09E18135-5E1F-4FBE-A890-CD416A66478C}"
EndProject
Project("{FAE04EC0-301F-11D3-BF4B-00C04F79EFBC}") = "Estamparia.Mvc", "Estamparia.Mvc\Estamparia.Mvc.csproj", "{94DAEAF6-AD1F-4AE0-8B71-19FD065B6FBE}"
EndProject
Project("{FAE04EC0-301F-11D3-BF4B-00C04F79EFBC}") = "Estamparia.Aplication", "Estamparia.Aplication\Estamparia.Aplication.csproj", "{B683D356-24F1-4D9E-BC36-E28BEC5D6479}"
EndProject
Global
	GlobalSection(SolutionConfigurationPlatforms) = preSolution
		Debug|Any CPU = Debug|Any CPU
		Release|Any CPU = Release|Any CPU
	EndGlobalSection
	GlobalSection(ProjectConfigurationPlatforms) = postSolution
		{09E18135-5E1F-4FBE-A890-CD416A66478C}.Debug|Any CPU.ActiveCfg = Debug|Any CPU
		{09E18135-5E1F-4FBE-A890-CD416A66478C}.Debug|Any CPU.Build.0 = Debug|Any CPU
		{09E18135-5E1F-4FBE-A890-CD416A66478C}.Release|Any CPU.ActiveCfg = Release|Any CPU
		{09E18135-5E1F-4FBE-A890-CD416A66478C}.Release|Any CPU.Build.0 = Release|Any CPU
		{94DAEAF6-AD1F-4AE0-8B71-19FD065B6FBE}.Debug|Any CPU.ActiveCfg = Debug|Any CPU
		{94DAEAF6-AD1F-4AE0-8B71-19FD065B6FBE}.Debug|Any CPU.Build.0 = Debug|Any CPU
		{94DAEAF6-AD1F-4AE0-8B71-19FD065B6FBE}.Release|Any CPU.ActiveCfg = Release|Any CPU
		{94DAEAF6-AD1F-4AE0-8B71-19FD065B6FBE}.Release|Any CPU.Build.0 = Release|Any CPU
		{B683D356-24F1-4D9E-BC36-E28BEC5D6479}.Debug|Any CPU.ActiveCfg = Debug|Any CPU
		{B683D356-24F1-4D9E-BC36-E28BEC5D6479}.Debug|Any CPU.Build.0 = Debug|Any CPU
		{B683D356-24F1-4D9E-BC36-E28BEC5D6479}.Release|Any CPU.ActiveCfg = Release|Any CPU
		{B683D356-24F1-4D9E-BC36-E28BEC5D6479}.Release|Any CPU.Build.0 = Release|Any CPU
	EndGlobalSection
	GlobalSection(SolutionProperties) = preSolution
		HideSolutionNode = FALSE
	EndGlobalSection
	GlobalSection(ExtensibilityGlobals) = postSolution
		SolutionGuid = {E50C76B9-A80D-4745-B45D-F143B9BB0CF1}
	EndGlobalSection
EndGlobal
